// !$*UTF8*$!
{
	archiveVersion = 1;
	classes = {
	};
	objectVersion = 56;
	objects = {

/* Begin PBXBuildFile section */
		689F28762C080EFF00085548 /* AppDelegate.swift in Sources */ = {isa = PBXBuildFile; fileRef = 689F28752C080EFF00085548 /* AppDelegate.swift */; };
		689F28782C080EFF00085548 /* SceneDelegate.swift in Sources */ = {isa = PBXBuildFile; fileRef = 689F28772C080EFF00085548 /* SceneDelegate.swift */; };
		689F287A2C080EFF00085548 /* ViewController.swift in Sources */ = {isa = PBXBuildFile; fileRef = 689F28792C080EFF00085548 /* ViewController.swift */; };
		689F287D2C080EFF00085548 /* Main.storyboard in Resources */ = {isa = PBXBuildFile; fileRef = 689F287B2C080EFF00085548 /* Main.storyboard */; };
		689F287F2C080F0200085548 /* Assets.xcassets in Resources */ = {isa = PBXBuildFile; fileRef = 689F287E2C080F0200085548 /* Assets.xcassets */; };
		689F28822C080F0200085548 /* LaunchScreen.storyboard in Resources */ = {isa = PBXBuildFile; fileRef = 689F28802C080F0200085548 /* LaunchScreen.storyboard */; };
		689F288C2C0817D700085548 /* MyTableViewCell.swift in Sources */ = {isa = PBXBuildFile; fileRef = 689F288B2C0817D700085548 /* MyTableViewCell.swift */; };
		689F288F2C081CF700085548 /* SDWebImage in Frameworks */ = {isa = PBXBuildFile; productRef = 689F288E2C081CF700085548 /* SDWebImage */; };
		689F28912C081EBD00085548 /* YoutubeViewController.swift in Sources */ = {isa = PBXBuildFile; fileRef = 689F28902C081EBD00085548 /* YoutubeViewController.swift */; };
		689F28972C083C5100085548 /* SearchTableViewCell.swift in Sources */ = {isa = PBXBuildFile; fileRef = 689F28962C083C5100085548 /* SearchTableViewCell.swift */; };
		689F289F2C083F1700085548 /* SearchViewController.swift in Sources */ = {isa = PBXBuildFile; fileRef = 689F289E2C083F1700085548 /* SearchViewController.swift */; };
		689F28A12C08436700085548 /* WebViewController.swift in Sources */ = {isa = PBXBuildFile; fileRef = 689F28A02C08436700085548 /* WebViewController.swift */; };
/* End PBXBuildFile section */

/* Begin PBXFileReference section */
		689F28722C080EFF00085548 /* B047NGH.app */ = {isa = PBXFileReference; explicitFileType = wrapper.application; includeInIndex = 0; path = B047NGH.app; sourceTree = BUILT_PRODUCTS_DIR; };
		689F28752C080EFF00085548 /* AppDelegate.swift */ = {isa = PBXFileReference; lastKnownFileType = sourcecode.swift; path = AppDelegate.swift; sourceTree = "<group>"; };
		689F28772C080EFF00085548 /* SceneDelegate.swift */ = {isa = PBXFileReference; lastKnownFileType = sourcecode.swift; path = SceneDelegate.swift; sourceTree = "<group>"; };
		689F28792C080EFF00085548 /* ViewController.swift */ = {isa = PBXFileReference; lastKnownFileType = sourcecode.swift; path = ViewController.swift; sourceTree = "<group>"; };
		689F287C2C080EFF00085548 /* Base */ = {isa = PBXFileReference; lastKnownFileType = file.storyboard; name = Base; path = Base.lproj/Main.storyboard; sourceTree = "<group>"; };
		689F287E2C080F0200085548 /* Assets.xcassets */ = {isa = PBXFileReference; lastKnownFileType = folder.assetcatalog; path = Assets.xcassets; sourceTree = "<group>"; };
		689F28812C080F0200085548 /* Base */ = {isa = PBXFileReference; lastKnownFileType = file.storyboard; name = Base; path = Base.lproj/LaunchScreen.storyboard; sourceTree = "<group>"; };
		689F28832C080F0200085548 /* Info.plist */ = {isa = PBXFileReference; lastKnownFileType = text.plist.xml; path = Info.plist; sourceTree = "<group>"; };
		689F288B2C0817D700085548 /* MyTableViewCell.swift */ = {isa = PBXFileReference; lastKnownFileType = sourcecode.swift; path = MyTableViewCell.swift; sourceTree = "<group>"; };
		689F28902C081EBD00085548 /* YoutubeViewController.swift */ = {isa = PBXFileReference; lastKnownFileType = sourcecode.swift; path = YoutubeViewController.swift; sourceTree = "<group>"; };
		689F28962C083C5100085548 /* SearchTableViewCell.swift */ = {isa = PBXFileReference; lastKnownFileType = sourcecode.swift; path = SearchTableViewCell.swift; sourceTree = "<group>"; };
		689F289E2C083F1700085548 /* SearchViewController.swift */ = {isa = PBXFileReference; lastKnownFileType = sourcecode.swift; path = SearchViewController.swift; sourceTree = "<group>"; };
		689F28A02C08436700085548 /* WebViewController.swift */ = {isa = PBXFileReference; lastKnownFileType = sourcecode.swift; path = WebViewController.swift; sourceTree = "<group>"; };
/* End PBXFileReference section */

/* Begin PBXFrameworksBuildPhase section */
		689F286F2C080EFF00085548 /* Frameworks */ = {
			isa = PBXFrameworksBuildPhase;
			buildActionMask = 2147483647;
			files = (
				689F288F2C081CF700085548 /* SDWebImage in Frameworks */,
			);
			runOnlyForDeploymentPostprocessing = 0;
		};
/* End PBXFrameworksBuildPhase section */

/* Begin PBXGroup section */
		689F28692C080EFF00085548 = {
			isa = PBXGroup;
			children = (
				689F28742C080EFF00085548 /* B047NGH */,
				689F28732C080EFF00085548 /* Products */,
			);
			sourceTree = "<group>";
		};
		689F28732C080EFF00085548 /* Products */ = {
			isa = PBXGroup;
			children = (
				689F28722C080EFF00085548 /* B047NGH.app */,
			);
			name = Products;
			sourceTree = "<group>";
		};
		689F28742C080EFF00085548 /* B047NGH */ = {
			isa = PBXGroup;
			children = (
				689F28752C080EFF00085548 /* AppDelegate.swift */,
				689F28772C080EFF00085548 /* SceneDelegate.swift */,
				689F28902C081EBD00085548 /* YoutubeViewController.swift */,
				689F28792C080EFF00085548 /* ViewController.swift */,
				689F288B2C0817D700085548 /* MyTableViewCell.swift */,
				689F289E2C083F1700085548 /* SearchViewController.swift */,
				689F28962C083C5100085548 /* SearchTableViewCell.swift */,
				689F28A02C08436700085548 /* WebViewController.swift */,
				689F287B2C080EFF00085548 /* Main.storyboard */,
				689F287E2C080F0200085548 /* Assets.xcassets */,
				689F28802C080F0200085548 /* LaunchScreen.storyboard */,
				689F28832C080F0200085548 /* Info.plist */,
			);
			path = B047NGH;
			sourceTree = "<group>";
		};
/* End PBXGroup section */

/* Begin PBXNativeTarget section */
		689F28712C080EFF00085548 /* B047NGH */ = {
			isa = PBXNativeTarget;
			buildConfigurationList = 689F28862C080F0200085548 /* Build configuration list for PBXNativeTarget "B047NGH" */;
			buildPhases = (
				689F286E2C080EFF00085548 /* Sources */,
				689F286F2C080EFF00085548 /* Frameworks */,
				689F28702C080EFF00085548 /* Resources */,
			);
			buildRules = (
			);
			dependencies = (
			);
			name = B047NGH;
			packageProductDependencies = (
				689F288E2C081CF700085548 /* SDWebImage */,
			);
			productName = B047NGH;
			productReference = 689F28722C080EFF00085548 /* B047NGH.app */;
			productType = "com.apple.product-type.application";
		};
/* End PBXNativeTarget section */

/* Begin PBXProject section */
		689F286A2C080EFF00085548 /* Project object */ = {
			isa = PBXProject;
			attributes = {
				BuildIndependentTargetsInParallel = 1;
				LastSwiftUpdateCheck = 1420;
				LastUpgradeCheck = 1420;
				TargetAttributes = {
					689F28712C080EFF00085548 = {
						CreatedOnToolsVersion = 14.2;
					};
				};
			};
			buildConfigurationList = 689F286D2C080EFF00085548 /* Build configuration list for PBXProject "B047NGH" */;
			compatibilityVersion = "Xcode 14.0";
			developmentRegion = en;
			hasScannedForEncodings = 0;
			knownRegions = (
				en,
				Base,
			);
			mainGroup = 689F28692C080EFF00085548;
			packageReferences = (
				689F288D2C081CF700085548 /* XCRemoteSwiftPackageReference "SDWebImage" */,
			);
			productRefGroup = 689F28732C080EFF00085548 /* Products */;
			projectDirPath = "";
			projectRoot = "";
			targets = (
				689F28712C080EFF00085548 /* B047NGH */,
			);
		};
/* End PBXProject section */

/* Begin PBXResourcesBuildPhase section */
		689F28702C080EFF00085548 /* Resources */ = {
			isa = PBXResourcesBuildPhase;
			buildActionMask = 2147483647;
			files = (
				689F28822C080F0200085548 /* LaunchScreen.storyboard in Resources */,
				689F287F2C080F0200085548 /* Assets.xcassets in Resources */,
				689F287D2C080EFF00085548 /* Main.storyboard in Resources */,
			);
			runOnlyForDeploymentPostprocessing = 0;
		};
/* End PBXResourcesBuildPhase section */

/* Begin PBXSourcesBuildPhase section */
		689F286E2C080EFF00085548 /* Sources */ = {
			isa = PBXSourcesBuildPhase;
			buildActionMask = 2147483647;
			files = (
				689F287A2C080EFF00085548 /* ViewController.swift in Sources */,
				689F289F2C083F1700085548 /* SearchViewController.swift in Sources */,
				689F288C2C0817D700085548 /* MyTableViewCell.swift in Sources */,
				689F28912C081EBD00085548 /* YoutubeViewController.swift in Sources */,
				689F28972C083C5100085548 /* SearchTableViewCell.swift in Sources */,
				689F28762C080EFF00085548 /* AppDelegate.swift in Sources */,
				689F28782C080EFF00085548 /* SceneDelegate.swift in Sources */,
				689F28A12C08436700085548 /* WebViewController.swift in Sources */,
			);
			runOnlyForDeploymentPostprocessing = 0;
		};
/* End PBXSourcesBuildPhase section */

/* Begin PBXVariantGroup section */
		689F287B2C080EFF00085548 /* Main.storyboard */ = {
			isa = PBXVariantGroup;
			children = (
				689F287C2C080EFF00085548 /* Base */,
			);
			name = Main.storyboard;
			sourceTree = "<group>";
		};
		689F28802C080F0200085548 /* LaunchScreen.storyboard */ = {
			isa = PBXVariantGroup;
			children = (
				689F28812C080F0200085548 /* Base */,
			);
			name = LaunchScreen.storyboard;
			sourceTree = "<group>";
		};
/* End PBXVariantGroup section */

/* Begin XCBuildConfiguration section */
		689F28842C080F0200085548 /* Debug */ = {
			isa = XCBuildConfiguration;
			buildSettings = {
				ALWAYS_SEARCH_USER_PATHS = NO;
				CLANG_ANALYZER_NONNULL = YES;
				CLANG_ANALYZER_NUMBER_OBJECT_CONVERSION = YES_AGGRESSIVE;
				CLANG_CXX_LANGUAGE_STANDARD = "gnu++20";
				CLANG_ENABLE_MODULES = YES;
				CLANG_ENABLE_OBJC_ARC = YES;
				CLANG_ENABLE_OBJC_WEAK = YES;
				CLANG_WARN_BLOCK_CAPTURE_AUTORELEASING = YES;
				CLANG_WARN_BOOL_CONVERSION = YES;
				CLANG_WARN_COMMA = YES;
				CLANG_WARN_CONSTANT_CONVERSION = YES;
				CLANG_WARN_DEPRECATED_OBJC_IMPLEMENTATIONS = YES;
				CLANG_WARN_DIRECT_OBJC_ISA_USAGE = YES_ERROR;
				CLANG_WARN_DOCUMENTATION_COMMENTS = YES;
				CLANG_WARN_EMPTY_BODY = YES;
				CLANG_WARN_ENUM_CONVERSION = YES;
				CLANG_WARN_INFINITE_RECURSION = YES;
				CLANG_WARN_INT_CONVERSION = YES;
				CLANG_WARN_NON_LITERAL_NULL_CONVERSION = YES;
				CLANG_WARN_OBJC_IMPLICIT_RETAIN_SELF = YES;
				CLANG_WARN_OBJC_LITERAL_CONVERSION = YES;
				CLANG_WARN_OBJC_ROOT_CLASS = YES_ERROR;
				CLANG_WARN_QUOTED_INCLUDE_IN_FRAMEWORK_HEADER = YES;
				CLANG_WARN_RANGE_LOOP_ANALYSIS = YES;
				CLANG_WARN_STRICT_PROTOTYPES = YES;
				CLANG_WARN_SUSPICIOUS_MOVE = YES;
				CLANG_WARN_UNGUARDED_AVAILABILITY = YES_AGGRESSIVE;
				CLANG_WARN_UNREACHABLE_CODE = YES;
				CLANG_WARN__DUPLICATE_METHOD_MATCH = YES;
				COPY_PHASE_STRIP = NO;
				DEBUG_INFORMATION_FORMAT = dwarf;
				ENABLE_STRICT_OBJC_MSGSEND = YES;
				ENABLE_TESTABILITY = YES;
				GCC_C_LANGUAGE_STANDARD = gnu11;
				GCC_DYNAMIC_NO_PIC = NO;
				GCC_NO_COMMON_BLOCKS = YES;
				GCC_OPTIMIZATION_LEVEL = 0;
				GCC_PREPROCESSOR_DEFINITIONS = (
					"DEBUG=1",
					"$(inherited)",
				);
				GCC_WARN_64_TO_32_BIT_CONVERSION = YES;
				GCC_WARN_ABOUT_RETURN_TYPE = YES_ERROR;
				GCC_WARN_UNDECLARED_SELECTOR = YES;
				GCC_WARN_UNINITIALIZED_AUTOS = YES_AGGRESSIVE;
				GCC_WARN_UNUSED_FUNCTION = YES;
				GCC_WARN_UNUSED_VARIABLE = YES;
				IPHONEOS_DEPLOYMENT_TARGET = 16.2;
				MTL_ENABLE_DEBUG_INFO = INCLUDE_SOURCE;
				MTL_FAST_MATH = YES;
				ONLY_ACTIVE_ARCH = YES;
				SDKROOT = iphoneos;
				SWIFT_ACTIVE_COMPILATION_CONDITIONS = DEBUG;
				SWIFT_OPTIMIZATION_LEVEL = "-Onone";
			};
			name = Debug;
		};
		689F28852C080F0200085548 /* Release */ = {
			isa = XCBuildConfiguration;
			buildSettings = {
				ALWAYS_SEARCH_USER_PATHS = NO;
				CLANG_ANALYZER_NONNULL = YES;
				CLANG_ANALYZER_NUMBER_OBJECT_CONVERSION = YES_AGGRESSIVE;
				CLANG_CXX_LANGUAGE_STANDARD = "gnu++20";
				CLANG_ENABLE_MODULES = YES;
				CLANG_ENABLE_OBJC_ARC = YES;
				CLANG_ENABLE_OBJC_WEAK = YES;
				CLANG_WARN_BLOCK_CAPTURE_AUTORELEASING = YES;
				CLANG_WARN_BOOL_CONVERSION = YES;
				CLANG_WARN_COMMA = YES;
				CLANG_WARN_CONSTANT_CONVERSION = YES;
				CLANG_WARN_DEPRECATED_OBJC_IMPLEMENTATIONS = YES;
				CLANG_WARN_DIRECT_OBJC_ISA_USAGE = YES_ERROR;
				CLANG_WARN_DOCUMENTATION_COMMENTS = YES;
				CLANG_WARN_EMPTY_BODY = YES;
				CLANG_WARN_ENUM_CONVERSION = YES;
				CLANG_WARN_INFINITE_RECURSION = YES;
				CLANG_WARN_INT_CONVERSION = YES;
				CLANG_WARN_NON_LITERAL_NULL_CONVERSION = YES;
				CLANG_WARN_OBJC_IMPLICIT_RETAIN_SELF = YES;
				CLANG_WARN_OBJC_LITERAL_CONVERSION = YES;
				CLANG_WARN_OBJC_ROOT_CLASS = YES_ERROR;
				CLANG_WARN_QUOTED_INCLUDE_IN_FRAMEWORK_HEADER = YES;
				CLANG_WARN_RANGE_LOOP_ANALYSIS = YES;
				CLANG_WARN_STRICT_PROTOTYPES = YES;
				CLANG_WARN_SUSPICIOUS_MOVE = YES;
				CLANG_WARN_UNGUARDED_AVAILABILITY = YES_AGGRESSIVE;
				CLANG_WARN_UNREACHABLE_CODE = YES;
				CLANG_WARN__DUPLICATE_METHOD_MATCH = YES;
				COPY_PHASE_STRIP = NO;
				DEBUG_INFORMATION_FORMAT = "dwarf-with-dsym";
				ENABLE_NS_ASSERTIONS = NO;
				ENABLE_STRICT_OBJC_MSGSEND = YES;
				GCC_C_LANGUAGE_STANDARD = gnu11;
				GCC_NO_COMMON_BLOCKS = YES;
				GCC_WARN_64_TO_32_BIT_CONVERSION = YES;
				GCC_WARN_ABOUT_RETURN_TYPE = YES_ERROR;
				GCC_WARN_UNDECLARED_SELECTOR = YES;
				GCC_WARN_UNINITIALIZED_AUTOS = YES_AGGRESSIVE;
				GCC_WARN_UNUSED_FUNCTION = YES;
				GCC_WARN_UNUSED_VARIABLE = YES;
				IPHONEOS_DEPLOYMENT_TARGET = 16.2;
				MTL_ENABLE_DEBUG_INFO = NO;
				MTL_FAST_MATH = YES;
				SDKROOT = iphoneos;
				SWIFT_COMPILATION_MODE = wholemodule;
				SWIFT_OPTIMIZATION_LEVEL = "-O";
				VALIDATE_PRODUCT = YES;
			};
			name = Release;
		};
		689F28872C080F0200085548 /* Debug */ = {
			isa = XCBuildConfiguration;
			buildSettings = {
				ASSETCATALOG_COMPILER_APPICON_NAME = AppIcon;
				ASSETCATALOG_COMPILER_GLOBAL_ACCENT_COLOR_NAME = AccentColor;
				CODE_SIGN_STYLE = Automatic;
				CURRENT_PROJECT_VERSION = 1;
				GENERATE_INFOPLIST_FILE = YES;
				INFOPLIST_FILE = B047NGH/Info.plist;
				INFOPLIST_KEY_UIApplicationSupportsIndirectInputEvents = YES;
				INFOPLIST_KEY_UILaunchStoryboardName = LaunchScreen;
				INFOPLIST_KEY_UIMainStoryboardFile = Main;
				INFOPLIST_KEY_UISupportedInterfaceOrientations_iPad = "UIInterfaceOrientationPortrait UIInterfaceOrientationPortraitUpsideDown UIInterfaceOrientationLandscapeLeft UIInterfaceOrientationLandscapeRight";
				INFOPLIST_KEY_UISupportedInterfaceOrientations_iPhone = "UIInterfaceOrientationPortrait UIInterfaceOrientationLandscapeLeft UIInterfaceOrientationLandscapeRight";
				LD_RUNPATH_SEARCH_PATHS = (
					"$(inherited)",
					"@executable_path/Frameworks",
				);
				MARKETING_VERSION = 1.0;
				PRODUCT_BUNDLE_IDENTIFIER = kr.ac.induk.ngh.B047NGH;
				PRODUCT_NAME = "$(TARGET_NAME)";
				SWIFT_EMIT_LOC_STRINGS = YES;
				SWIFT_VERSION = 5.0;
				TARGETED_DEVICE_FAMILY = "1,2";
			};
			name = Debug;
		};
		689F28882C080F0200085548 /* Release */ = {
			isa = XCBuildConfiguration;
			buildSettings = {
				ASSETCATALOG_COMPILER_APPICON_NAME = AppIcon;
				ASSETCATALOG_COMPILER_GLOBAL_ACCENT_COLOR_NAME = AccentColor;
				CODE_SIGN_STYLE = Automatic;
				CURRENT_PROJECT_VERSION = 1;
				GENERATE_INFOPLIST_FILE = YES;
				INFOPLIST_FILE = B047NGH/Info.plist;
				INFOPLIST_KEY_UIApplicationSupportsIndirectInputEvents = YES;
				INFOPLIST_KEY_UILaunchStoryboardName = LaunchScreen;
				INFOPLIST_KEY_UIMainStoryboardFile = Main;
				INFOPLIST_KEY_UISupportedInterfaceOrientations_iPad = "UIInterfaceOrientationPortrait UIInterfaceOrientationPortraitUpsideDown UIInterfaceOrientationLandscapeLeft UIInterfaceOrientationLandscapeRight";
				INFOPLIST_KEY_UISupportedInterfaceOrientations_iPhone = "UIInterfaceOrientationPortrait UIInterfaceOrientationLandscapeLeft UIInterfaceOrientationLandscapeRight";
				LD_RUNPATH_SEARCH_PATHS = (
					"$(inherited)",
					"@executable_path/Frameworks",
				);
				MARKETING_VERSION = 1.0;
				PRODUCT_BUNDLE_IDENTIFIER = kr.ac.induk.ngh.B047NGH;
				PRODUCT_NAME = "$(TARGET_NAME)";
				SWIFT_EMIT_LOC_STRINGS = YES;
				SWIFT_VERSION = 5.0;
				TARGETED_DEVICE_FAMILY = "1,2";
			};
			name = Release;
		};
/* End XCBuildConfiguration section */

/* Begin XCConfigurationList section */
		689F286D2C080EFF00085548 /* Build configuration list for PBXProject "B047NGH" */ = {
			isa = XCConfigurationList;
			buildConfigurations = (
				689F28842C080F0200085548 /* Debug */,
				689F28852C080F0200085548 /* Release */,
			);
			defaultConfigurationIsVisible = 0;
			defaultConfigurationName = Release;
		};
		689F28862C080F0200085548 /* Build configuration list for PBXNativeTarget "B047NGH" */ = {
			isa = XCConfigurationList;
			buildConfigurations = (
				689F28872C080F0200085548 /* Debug */,
				689F28882C080F0200085548 /* Release */,
			);
			defaultConfigurationIsVisible = 0;
			defaultConfigurationName = Release;
		};
/* End XCConfigurationList section */

/* Begin XCRemoteSwiftPackageReference section */
		689F288D2C081CF700085548 /* XCRemoteSwiftPackageReference "SDWebImage" */ = {
			isa = XCRemoteSwiftPackageReference;
			repositoryURL = "https://github.com/SDWebImage/SDWebImage.git";
			requirement = {
				kind = upToNextMajorVersion;
				minimumVersion = 5.0.0;
			};
		};
/* End XCRemoteSwiftPackageReference section */

/* Begin XCSwiftPackageProductDependency section */
		689F288E2C081CF700085548 /* SDWebImage */ = {
			isa = XCSwiftPackageProductDependency;
			package = 689F288D2C081CF700085548 /* XCRemoteSwiftPackageReference "SDWebImage" */;
			productName = SDWebImage;
		};
/* End XCSwiftPackageProductDependency section */
	};
	rootObject = 689F286A2C080EFF00085548 /* Project object */;
}
